
Microsoft Visual Studio Solution File, Format Version 12.00
# Visual Studio Version 17
VisualStudioVersion = 17.10.34928.147
MinimumVisualStudioVersion = 10.0.40219.1
Project("{FAE04EC0-301F-11D3-BF4B-00C04F79EFBC}") = "TypeChartApp", "TypeChartApp\TypeChartApp.csproj", "{241CF80B-D3AC-46FE-9C10-3B57721E07DD}"
EndProject
Global
	GlobalSection(SolutionConfigurationPlatforms) = preSolution
		Debug|Any CPU = Debug|Any CPU
		Release|Any CPU = Release|Any CPU
	EndGlobalSection
	GlobalSection(ProjectConfigurationPlatforms) = postSolution
		{241CF80B-D3AC-46FE-9C10-3B57721E07DD}.Debug|Any CPU.ActiveCfg = Debug|Any CPU
		{241CF80B-D3AC-46FE-9C10-3B57721E07DD}.Debug|Any CPU.Build.0 = Debug|Any CPU
		{241CF80B-D3AC-46FE-9C10-3B57721E07DD}.Release|Any CPU.ActiveCfg = Release|Any CPU
		{241CF80B-D3AC-46FE-9C10-3B57721E07DD}.Release|Any CPU.Build.0 = Release|Any CPU
	EndGlobalSection
	GlobalSection(SolutionProperties) = preSolution
		HideSolutionNode = FALSE
	EndGlobalSection
	GlobalSection(ExtensibilityGlobals) = postSolution
		SolutionGuid = {3B0216FF-CDD6-49EF-B5B5-0164EE5B9969}
	EndGlobalSection
EndGlobal
